{
  "object": {
    "pins": [
      {
        "package": "Futura",
        "repositoryURL": "https://github.com/miquido/futura.git",
        "state": {
          "branch": "fix/flatMap",
          "revision": "f2af975e164749227eba8ed40c0e8a1ca60bfd7b",
          "version": null
        }
      }
    ]
  },
  "version": 1
}
