{
  "object": {
    "pins": [
      {
        "package": "Futura",
        "repositoryURL": "https://github.com/miquido/futura.git",
        "state": {
          "branch": null,
          "revision": "2c2e1d82c4c1e9a454c55174033cb86db9a3d8d7",
          "version": "2.1.0"
        }
      }
    ]
  },
  "version": 1
}
