// !$*UTF8*$!
{
	archiveVersion = 1;
	classes = {
	};
	objectVersion = 46;
	objects = {

/* Begin PBXBuildFile section */
		OBJ_100 /* Package.swift in Sources */ = {isa = PBXBuildFile; fileRef = OBJ_6 /* Package.swift */; };
		OBJ_105 /* Future.swift in Sources */ = {isa = PBXBuildFile; fileRef = OBJ_38 /* Future.swift */; };
		OBJ_106 /* Promise.swift in Sources */ = {isa = PBXBuildFile; fileRef = OBJ_39 /* Promise.swift */; };
		OBJ_107 /* Result.swift in Sources */ = {isa = PBXBuildFile; fileRef = OBJ_40 /* Result.swift */; };
		OBJ_108 /* Emitter.swift in Sources */ = {isa = PBXBuildFile; fileRef = OBJ_42 /* Emitter.swift */; };
		OBJ_109 /* Signal+Catch.swift in Sources */ = {isa = PBXBuildFile; fileRef = OBJ_43 /* Signal+Catch.swift */; };
		OBJ_110 /* Signal+Filter.swift in Sources */ = {isa = PBXBuildFile; fileRef = OBJ_44 /* Signal+Filter.swift */; };
		OBJ_111 /* Signal+FlatMap.swift in Sources */ = {isa = PBXBuildFile; fileRef = OBJ_45 /* Signal+FlatMap.swift */; };
		OBJ_112 /* Signal+FlatMapLatest.swift in Sources */ = {isa = PBXBuildFile; fileRef = OBJ_46 /* Signal+FlatMapLatest.swift */; };
		OBJ_113 /* Signal+Forward.swift in Sources */ = {isa = PBXBuildFile; fileRef = OBJ_47 /* Signal+Forward.swift */; };
		OBJ_114 /* Signal+FutureFlatMap.swift in Sources */ = {isa = PBXBuildFile; fileRef = OBJ_48 /* Signal+FutureFlatMap.swift */; };
		OBJ_115 /* Signal+Map.swift in Sources */ = {isa = PBXBuildFile; fileRef = OBJ_49 /* Signal+Map.swift */; };
		OBJ_116 /* Signal+Merge.swift in Sources */ = {isa = PBXBuildFile; fileRef = OBJ_50 /* Signal+Merge.swift */; };
		OBJ_117 /* Signal+Switch.swift in Sources */ = {isa = PBXBuildFile; fileRef = OBJ_51 /* Signal+Switch.swift */; };
		OBJ_118 /* Signal.swift in Sources */ = {isa = PBXBuildFile; fileRef = OBJ_52 /* Signal.swift */; };
		OBJ_119 /* Subscription.swift in Sources */ = {isa = PBXBuildFile; fileRef = OBJ_53 /* Subscription.swift */; };
		OBJ_120 /* SubscriptionCollector.swift in Sources */ = {isa = PBXBuildFile; fileRef = OBJ_54 /* SubscriptionCollector.swift */; };
		OBJ_121 /* TimedEmitter.swift in Sources */ = {isa = PBXBuildFile; fileRef = OBJ_55 /* TimedEmitter.swift */; };
		OBJ_122 /* Mutex.swift in Sources */ = {isa = PBXBuildFile; fileRef = OBJ_57 /* Mutex.swift */; };
		OBJ_123 /* RecursiveLock.swift in Sources */ = {isa = PBXBuildFile; fileRef = OBJ_58 /* RecursiveLock.swift */; };
		OBJ_124 /* DispatchQueueWorker.swift in Sources */ = {isa = PBXBuildFile; fileRef = OBJ_60 /* DispatchQueueWorker.swift */; };
		OBJ_125 /* ExecutionContext.swift in Sources */ = {isa = PBXBuildFile; fileRef = OBJ_61 /* ExecutionContext.swift */; };
		OBJ_126 /* OperationQueueWorker.swift in Sources */ = {isa = PBXBuildFile; fileRef = OBJ_62 /* OperationQueueWorker.swift */; };
		OBJ_127 /* Worker.swift in Sources */ = {isa = PBXBuildFile; fileRef = OBJ_63 /* Worker.swift */; };
		OBJ_134 /* Package.swift in Sources */ = {isa = PBXBuildFile; fileRef = OBJ_64 /* Package.swift */; };
		OBJ_73 /* NotificationCenter+Signal.swift in Sources */ = {isa = PBXBuildFile; fileRef = OBJ_10 /* NotificationCenter+Signal.swift */; };
		OBJ_74 /* URLSession+Future.swift in Sources */ = {isa = PBXBuildFile; fileRef = OBJ_11 /* URLSession+Future.swift */; };
		OBJ_75 /* SignalConsumer.swift in Sources */ = {isa = PBXBuildFile; fileRef = OBJ_13 /* SignalConsumer.swift */; };
		OBJ_76 /* SignalProducer.swift in Sources */ = {isa = PBXBuildFile; fileRef = OBJ_14 /* SignalProducer.swift */; };
		OBJ_77 /* ClosureHolder.swift in Sources */ = {isa = PBXBuildFile; fileRef = OBJ_16 /* ClosureHolder.swift */; };
		OBJ_78 /* Coconut.swift in Sources */ = {isa = PBXBuildFile; fileRef = OBJ_17 /* Coconut.swift */; };
		OBJ_79 /* Swizzle.swift in Sources */ = {isa = PBXBuildFile; fileRef = OBJ_18 /* Swizzle.swift */; };
		OBJ_80 /* TableViewDiff.swift in Sources */ = {isa = PBXBuildFile; fileRef = OBJ_19 /* TableViewDiff.swift */; };
		OBJ_81 /* TableViewDataSource.swift in Sources */ = {isa = PBXBuildFile; fileRef = OBJ_21 /* TableViewDataSource.swift */; };
		OBJ_82 /* UIApplication+Signal.swift in Sources */ = {isa = PBXBuildFile; fileRef = OBJ_22 /* UIApplication+Signal.swift */; };
		OBJ_83 /* UIButton+Signal.swift in Sources */ = {isa = PBXBuildFile; fileRef = OBJ_23 /* UIButton+Signal.swift */; };
		OBJ_84 /* UIControl+Signal.swift in Sources */ = {isa = PBXBuildFile; fileRef = OBJ_24 /* UIControl+Signal.swift */; };
		OBJ_85 /* UIDevice+Signal.swift in Sources */ = {isa = PBXBuildFile; fileRef = OBJ_25 /* UIDevice+Signal.swift */; };
		OBJ_86 /* UILabel+Signal.swift in Sources */ = {isa = PBXBuildFile; fileRef = OBJ_26 /* UILabel+Signal.swift */; };
		OBJ_87 /* UITextField+Signal.swift in Sources */ = {isa = PBXBuildFile; fileRef = OBJ_27 /* UITextField+Signal.swift */; };
		OBJ_88 /* UITextView+Signal.swift in Sources */ = {isa = PBXBuildFile; fileRef = OBJ_28 /* UITextView+Signal.swift */; };
		OBJ_89 /* UIView+Signal.swift in Sources */ = {isa = PBXBuildFile; fileRef = OBJ_29 /* UIView+Signal.swift */; };
		OBJ_90 /* UIViewController+Signal.swift in Sources */ = {isa = PBXBuildFile; fileRef = OBJ_30 /* UIViewController+Signal.swift */; };
		OBJ_92 /* Futura.framework in Frameworks */ = {isa = PBXBuildFile; fileRef = "Futura::Futura::Product" /* Futura.framework */; };
/* End PBXBuildFile section */

/* Begin PBXContainerItemProxy section */
		40D70D1021F7AEC100C425AE /* PBXContainerItemProxy */ = {
			isa = PBXContainerItemProxy;
			containerPortal = OBJ_1 /* Project object */;
			proxyType = 1;
			remoteGlobalIDString = "Futura::Futura";
			remoteInfo = Futura;
		};
/* End PBXContainerItemProxy section */

/* Begin PBXFileReference section */
		"Coconut::Coconut::Product" /* Coconut.framework */ = {isa = PBXFileReference; lastKnownFileType = wrapper.framework; path = Coconut.framework; sourceTree = BUILT_PRODUCTS_DIR; };
		"Futura::Futura::Product" /* Futura.framework */ = {isa = PBXFileReference; lastKnownFileType = wrapper.framework; path = Futura.framework; sourceTree = BUILT_PRODUCTS_DIR; };
		OBJ_10 /* NotificationCenter+Signal.swift */ = {isa = PBXFileReference; lastKnownFileType = sourcecode.swift; path = "NotificationCenter+Signal.swift"; sourceTree = "<group>"; };
		OBJ_11 /* URLSession+Future.swift */ = {isa = PBXFileReference; lastKnownFileType = sourcecode.swift; path = "URLSession+Future.swift"; sourceTree = "<group>"; };
		OBJ_13 /* SignalConsumer.swift */ = {isa = PBXFileReference; lastKnownFileType = sourcecode.swift; path = SignalConsumer.swift; sourceTree = "<group>"; };
		OBJ_14 /* SignalProducer.swift */ = {isa = PBXFileReference; lastKnownFileType = sourcecode.swift; path = SignalProducer.swift; sourceTree = "<group>"; };
		OBJ_16 /* ClosureHolder.swift */ = {isa = PBXFileReference; lastKnownFileType = sourcecode.swift; path = ClosureHolder.swift; sourceTree = "<group>"; };
		OBJ_17 /* Coconut.swift */ = {isa = PBXFileReference; lastKnownFileType = sourcecode.swift; path = Coconut.swift; sourceTree = "<group>"; };
		OBJ_18 /* Swizzle.swift */ = {isa = PBXFileReference; lastKnownFileType = sourcecode.swift; path = Swizzle.swift; sourceTree = "<group>"; };
		OBJ_19 /* TableViewDiff.swift */ = {isa = PBXFileReference; lastKnownFileType = sourcecode.swift; path = TableViewDiff.swift; sourceTree = "<group>"; };
		OBJ_21 /* TableViewDataSource.swift */ = {isa = PBXFileReference; lastKnownFileType = sourcecode.swift; path = TableViewDataSource.swift; sourceTree = "<group>"; };
		OBJ_22 /* UIApplication+Signal.swift */ = {isa = PBXFileReference; lastKnownFileType = sourcecode.swift; path = "UIApplication+Signal.swift"; sourceTree = "<group>"; };
		OBJ_23 /* UIButton+Signal.swift */ = {isa = PBXFileReference; lastKnownFileType = sourcecode.swift; path = "UIButton+Signal.swift"; sourceTree = "<group>"; };
		OBJ_24 /* UIControl+Signal.swift */ = {isa = PBXFileReference; lastKnownFileType = sourcecode.swift; path = "UIControl+Signal.swift"; sourceTree = "<group>"; };
		OBJ_25 /* UIDevice+Signal.swift */ = {isa = PBXFileReference; lastKnownFileType = sourcecode.swift; path = "UIDevice+Signal.swift"; sourceTree = "<group>"; };
		OBJ_26 /* UILabel+Signal.swift */ = {isa = PBXFileReference; lastKnownFileType = sourcecode.swift; path = "UILabel+Signal.swift"; sourceTree = "<group>"; };
		OBJ_27 /* UITextField+Signal.swift */ = {isa = PBXFileReference; lastKnownFileType = sourcecode.swift; path = "UITextField+Signal.swift"; sourceTree = "<group>"; };
		OBJ_28 /* UITextView+Signal.swift */ = {isa = PBXFileReference; lastKnownFileType = sourcecode.swift; path = "UITextView+Signal.swift"; sourceTree = "<group>"; };
		OBJ_29 /* UIView+Signal.swift */ = {isa = PBXFileReference; lastKnownFileType = sourcecode.swift; path = "UIView+Signal.swift"; sourceTree = "<group>"; };
		OBJ_30 /* UIViewController+Signal.swift */ = {isa = PBXFileReference; lastKnownFileType = sourcecode.swift; path = "UIViewController+Signal.swift"; sourceTree = "<group>"; };
		OBJ_32 /* Coconut.xcworkspace */ = {isa = PBXFileReference; lastKnownFileType = wrapper.workspace; path = Coconut.xcworkspace; sourceTree = SOURCE_ROOT; };
		OBJ_33 /* SampleApp */ = {isa = PBXFileReference; lastKnownFileType = folder; path = SampleApp; sourceTree = SOURCE_ROOT; };
		OBJ_38 /* Future.swift */ = {isa = PBXFileReference; lastKnownFileType = sourcecode.swift; path = Future.swift; sourceTree = "<group>"; };
		OBJ_39 /* Promise.swift */ = {isa = PBXFileReference; lastKnownFileType = sourcecode.swift; path = Promise.swift; sourceTree = "<group>"; };
		OBJ_40 /* Result.swift */ = {isa = PBXFileReference; lastKnownFileType = sourcecode.swift; path = Result.swift; sourceTree = "<group>"; };
		OBJ_42 /* Emitter.swift */ = {isa = PBXFileReference; lastKnownFileType = sourcecode.swift; path = Emitter.swift; sourceTree = "<group>"; };
		OBJ_43 /* Signal+Catch.swift */ = {isa = PBXFileReference; lastKnownFileType = sourcecode.swift; path = "Signal+Catch.swift"; sourceTree = "<group>"; };
		OBJ_44 /* Signal+Filter.swift */ = {isa = PBXFileReference; lastKnownFileType = sourcecode.swift; path = "Signal+Filter.swift"; sourceTree = "<group>"; };
		OBJ_45 /* Signal+FlatMap.swift */ = {isa = PBXFileReference; lastKnownFileType = sourcecode.swift; path = "Signal+FlatMap.swift"; sourceTree = "<group>"; };
		OBJ_46 /* Signal+FlatMapLatest.swift */ = {isa = PBXFileReference; lastKnownFileType = sourcecode.swift; path = "Signal+FlatMapLatest.swift"; sourceTree = "<group>"; };
		OBJ_47 /* Signal+Forward.swift */ = {isa = PBXFileReference; lastKnownFileType = sourcecode.swift; path = "Signal+Forward.swift"; sourceTree = "<group>"; };
		OBJ_48 /* Signal+FutureFlatMap.swift */ = {isa = PBXFileReference; lastKnownFileType = sourcecode.swift; path = "Signal+FutureFlatMap.swift"; sourceTree = "<group>"; };
		OBJ_49 /* Signal+Map.swift */ = {isa = PBXFileReference; lastKnownFileType = sourcecode.swift; path = "Signal+Map.swift"; sourceTree = "<group>"; };
		OBJ_50 /* Signal+Merge.swift */ = {isa = PBXFileReference; lastKnownFileType = sourcecode.swift; path = "Signal+Merge.swift"; sourceTree = "<group>"; };
		OBJ_51 /* Signal+Switch.swift */ = {isa = PBXFileReference; lastKnownFileType = sourcecode.swift; path = "Signal+Switch.swift"; sourceTree = "<group>"; };
		OBJ_52 /* Signal.swift */ = {isa = PBXFileReference; lastKnownFileType = sourcecode.swift; path = Signal.swift; sourceTree = "<group>"; };
		OBJ_53 /* Subscription.swift */ = {isa = PBXFileReference; lastKnownFileType = sourcecode.swift; path = Subscription.swift; sourceTree = "<group>"; };
		OBJ_54 /* SubscriptionCollector.swift */ = {isa = PBXFileReference; lastKnownFileType = sourcecode.swift; path = SubscriptionCollector.swift; sourceTree = "<group>"; };
		OBJ_55 /* TimedEmitter.swift */ = {isa = PBXFileReference; lastKnownFileType = sourcecode.swift; path = TimedEmitter.swift; sourceTree = "<group>"; };
		OBJ_57 /* Mutex.swift */ = {isa = PBXFileReference; lastKnownFileType = sourcecode.swift; path = Mutex.swift; sourceTree = "<group>"; };
		OBJ_58 /* RecursiveLock.swift */ = {isa = PBXFileReference; lastKnownFileType = sourcecode.swift; path = RecursiveLock.swift; sourceTree = "<group>"; };
		OBJ_6 /* Package.swift */ = {isa = PBXFileReference; explicitFileType = sourcecode.swift; path = Package.swift; sourceTree = "<group>"; };
		OBJ_60 /* DispatchQueueWorker.swift */ = {isa = PBXFileReference; lastKnownFileType = sourcecode.swift; path = DispatchQueueWorker.swift; sourceTree = "<group>"; };
		OBJ_61 /* ExecutionContext.swift */ = {isa = PBXFileReference; lastKnownFileType = sourcecode.swift; path = ExecutionContext.swift; sourceTree = "<group>"; };
		OBJ_62 /* OperationQueueWorker.swift */ = {isa = PBXFileReference; lastKnownFileType = sourcecode.swift; path = OperationQueueWorker.swift; sourceTree = "<group>"; };
		OBJ_63 /* Worker.swift */ = {isa = PBXFileReference; lastKnownFileType = sourcecode.swift; path = Worker.swift; sourceTree = "<group>"; };
		OBJ_64 /* Package.swift */ = {isa = PBXFileReference; explicitFileType = sourcecode.swift; name = Package.swift; path = "/Users/kaqu/Miquido/Projects/Futura-iOS/.build/checkouts/futura.git-8160257967924088271/Package.swift"; sourceTree = "<group>"; };
/* End PBXFileReference section */

/* Begin PBXFrameworksBuildPhase section */
		OBJ_128 /* Frameworks */ = {
			isa = PBXFrameworksBuildPhase;
			buildActionMask = 0;
			files = (
			);
			runOnlyForDeploymentPostprocessing = 0;
		};
		OBJ_91 /* Frameworks */ = {
			isa = PBXFrameworksBuildPhase;
			buildActionMask = 0;
			files = (
				OBJ_92 /* Futura.framework in Frameworks */,
			);
			runOnlyForDeploymentPostprocessing = 0;
		};
/* End PBXFrameworksBuildPhase section */

/* Begin PBXGroup section */
		OBJ_12 /* Signal */ = {
			isa = PBXGroup;
			children = (
				OBJ_13 /* SignalConsumer.swift */,
				OBJ_14 /* SignalProducer.swift */,
			);
			path = Signal;
			sourceTree = "<group>";
		};
		OBJ_15 /* Support */ = {
			isa = PBXGroup;
			children = (
				OBJ_16 /* ClosureHolder.swift */,
				OBJ_17 /* Coconut.swift */,
				OBJ_18 /* Swizzle.swift */,
				OBJ_19 /* TableViewDiff.swift */,
			);
			path = Support;
			sourceTree = "<group>";
		};
		OBJ_20 /* UIKit */ = {
			isa = PBXGroup;
			children = (
				OBJ_21 /* TableViewDataSource.swift */,
				OBJ_22 /* UIApplication+Signal.swift */,
				OBJ_23 /* UIButton+Signal.swift */,
				OBJ_24 /* UIControl+Signal.swift */,
				OBJ_25 /* UIDevice+Signal.swift */,
				OBJ_26 /* UILabel+Signal.swift */,
				OBJ_27 /* UITextField+Signal.swift */,
				OBJ_28 /* UITextView+Signal.swift */,
				OBJ_29 /* UIView+Signal.swift */,
				OBJ_30 /* UIViewController+Signal.swift */,
			);
			path = UIKit;
			sourceTree = "<group>";
		};
		OBJ_31 /* Tests */ = {
			isa = PBXGroup;
			children = (
			);
			name = Tests;
			sourceTree = SOURCE_ROOT;
		};
		OBJ_34 /* Dependencies */ = {
			isa = PBXGroup;
			children = (
				OBJ_35 /* Futura */,
			);
			name = Dependencies;
			sourceTree = "<group>";
		};
		OBJ_35 /* Futura */ = {
			isa = PBXGroup;
			children = (
				OBJ_36 /* Futura */,
				OBJ_64 /* Package.swift */,
			);
			name = Futura;
			sourceTree = SOURCE_ROOT;
		};
		OBJ_36 /* Futura */ = {
			isa = PBXGroup;
			children = (
				OBJ_37 /* Future */,
				OBJ_40 /* Result.swift */,
				OBJ_41 /* Signal */,
				OBJ_56 /* Synchronization */,
				OBJ_59 /* Worker */,
			);
			name = Futura;
			path = ".build/checkouts/futura.git-8160257967924088271/Sources/Futura";
			sourceTree = SOURCE_ROOT;
		};
		OBJ_37 /* Future */ = {
			isa = PBXGroup;
			children = (
				OBJ_38 /* Future.swift */,
				OBJ_39 /* Promise.swift */,
			);
			path = Future;
			sourceTree = "<group>";
		};
		OBJ_41 /* Signal */ = {
			isa = PBXGroup;
			children = (
				OBJ_42 /* Emitter.swift */,
				OBJ_43 /* Signal+Catch.swift */,
				OBJ_44 /* Signal+Filter.swift */,
				OBJ_45 /* Signal+FlatMap.swift */,
				OBJ_46 /* Signal+FlatMapLatest.swift */,
				OBJ_47 /* Signal+Forward.swift */,
				OBJ_48 /* Signal+FutureFlatMap.swift */,
				OBJ_49 /* Signal+Map.swift */,
				OBJ_50 /* Signal+Merge.swift */,
				OBJ_51 /* Signal+Switch.swift */,
				OBJ_52 /* Signal.swift */,
				OBJ_53 /* Subscription.swift */,
				OBJ_54 /* SubscriptionCollector.swift */,
				OBJ_55 /* TimedEmitter.swift */,
			);
			path = Signal;
			sourceTree = "<group>";
		};
		OBJ_5 /*  */ = {
			isa = PBXGroup;
			children = (
				OBJ_6 /* Package.swift */,
				OBJ_7 /* Sources */,
				OBJ_31 /* Tests */,
				OBJ_32 /* Coconut.xcworkspace */,
				OBJ_33 /* SampleApp */,
				OBJ_34 /* Dependencies */,
				OBJ_65 /* Products */,
			);
			name = "";
			sourceTree = "<group>";
		};
		OBJ_56 /* Synchronization */ = {
			isa = PBXGroup;
			children = (
				OBJ_57 /* Mutex.swift */,
				OBJ_58 /* RecursiveLock.swift */,
			);
			path = Synchronization;
			sourceTree = "<group>";
		};
		OBJ_59 /* Worker */ = {
			isa = PBXGroup;
			children = (
				OBJ_60 /* DispatchQueueWorker.swift */,
				OBJ_61 /* ExecutionContext.swift */,
				OBJ_62 /* OperationQueueWorker.swift */,
				OBJ_63 /* Worker.swift */,
			);
			path = Worker;
			sourceTree = "<group>";
		};
		OBJ_65 /* Products */ = {
			isa = PBXGroup;
			children = (
				"Futura::Futura::Product" /* Futura.framework */,
				"Coconut::Coconut::Product" /* Coconut.framework */,
			);
			name = Products;
			sourceTree = BUILT_PRODUCTS_DIR;
		};
		OBJ_7 /* Sources */ = {
			isa = PBXGroup;
			children = (
				OBJ_8 /* Coconut */,
			);
			name = Sources;
			sourceTree = SOURCE_ROOT;
		};
		OBJ_8 /* Coconut */ = {
			isa = PBXGroup;
			children = (
				OBJ_9 /* Foundation */,
				OBJ_12 /* Signal */,
				OBJ_15 /* Support */,
				OBJ_20 /* UIKit */,
			);
			name = Coconut;
			path = Sources/Coconut;
			sourceTree = SOURCE_ROOT;
		};
		OBJ_9 /* Foundation */ = {
			isa = PBXGroup;
			children = (
				OBJ_10 /* NotificationCenter+Signal.swift */,
				OBJ_11 /* URLSession+Future.swift */,
			);
			path = Foundation;
			sourceTree = "<group>";
		};
/* End PBXGroup section */

/* Begin PBXNativeTarget section */
		"Coconut::Coconut" /* Coconut */ = {
			isa = PBXNativeTarget;
			buildConfigurationList = OBJ_69 /* Build configuration list for PBXNativeTarget "Coconut" */;
			buildPhases = (
				OBJ_72 /* Sources */,
				OBJ_91 /* Frameworks */,
			);
			buildRules = (
			);
			dependencies = (
				OBJ_93 /* PBXTargetDependency */,
			);
			name = Coconut;
			productName = Coconut;
			productReference = "Coconut::Coconut::Product" /* Coconut.framework */;
			productType = "com.apple.product-type.framework";
		};
		"Coconut::SwiftPMPackageDescription" /* CoconutPackageDescription */ = {
			isa = PBXNativeTarget;
			buildConfigurationList = OBJ_96 /* Build configuration list for PBXNativeTarget "CoconutPackageDescription" */;
			buildPhases = (
				OBJ_99 /* Sources */,
			);
			buildRules = (
			);
			dependencies = (
			);
			name = CoconutPackageDescription;
			productName = CoconutPackageDescription;
			productType = "com.apple.product-type.framework";
		};
		"Futura::Futura" /* Futura */ = {
			isa = PBXNativeTarget;
			buildConfigurationList = OBJ_101 /* Build configuration list for PBXNativeTarget "Futura" */;
			buildPhases = (
				OBJ_104 /* Sources */,
				OBJ_128 /* Frameworks */,
			);
			buildRules = (
			);
			dependencies = (
			);
			name = Futura;
			productName = Futura;
			productReference = "Futura::Futura::Product" /* Futura.framework */;
			productType = "com.apple.product-type.framework";
		};
		"Futura::SwiftPMPackageDescription" /* FuturaPackageDescription */ = {
			isa = PBXNativeTarget;
			buildConfigurationList = OBJ_130 /* Build configuration list for PBXNativeTarget "FuturaPackageDescription" */;
			buildPhases = (
				OBJ_133 /* Sources */,
			);
			buildRules = (
			);
			dependencies = (
			);
			name = FuturaPackageDescription;
			productName = FuturaPackageDescription;
			productType = "com.apple.product-type.framework";
		};
/* End PBXNativeTarget section */

/* Begin PBXProject section */
		OBJ_1 /* Project object */ = {
			isa = PBXProject;
			attributes = {
				LastUpgradeCheck = 9999;
			};
			buildConfigurationList = OBJ_2 /* Build configuration list for PBXProject "Coconut" */;
			compatibilityVersion = "Xcode 3.2";
			developmentRegion = English;
			hasScannedForEncodings = 0;
			knownRegions = (
				en,
			);
			mainGroup = OBJ_5 /*  */;
			productRefGroup = OBJ_65 /* Products */;
			projectDirPath = "";
			projectRoot = "";
			targets = (
				"Coconut::Coconut" /* Coconut */,
				"Coconut::SwiftPMPackageDescription" /* CoconutPackageDescription */,
				"Futura::Futura" /* Futura */,
				"Futura::SwiftPMPackageDescription" /* FuturaPackageDescription */,
			);
		};
/* End PBXProject section */

/* Begin PBXSourcesBuildPhase section */
		OBJ_104 /* Sources */ = {
			isa = PBXSourcesBuildPhase;
			buildActionMask = 0;
			files = (
				OBJ_105 /* Future.swift in Sources */,
				OBJ_106 /* Promise.swift in Sources */,
				OBJ_107 /* Result.swift in Sources */,
				OBJ_108 /* Emitter.swift in Sources */,
				OBJ_109 /* Signal+Catch.swift in Sources */,
				OBJ_110 /* Signal+Filter.swift in Sources */,
				OBJ_111 /* Signal+FlatMap.swift in Sources */,
				OBJ_112 /* Signal+FlatMapLatest.swift in Sources */,
				OBJ_113 /* Signal+Forward.swift in Sources */,
				OBJ_114 /* Signal+FutureFlatMap.swift in Sources */,
				OBJ_115 /* Signal+Map.swift in Sources */,
				OBJ_116 /* Signal+Merge.swift in Sources */,
				OBJ_117 /* Signal+Switch.swift in Sources */,
				OBJ_118 /* Signal.swift in Sources */,
				OBJ_119 /* Subscription.swift in Sources */,
				OBJ_120 /* SubscriptionCollector.swift in Sources */,
				OBJ_121 /* TimedEmitter.swift in Sources */,
				OBJ_122 /* Mutex.swift in Sources */,
				OBJ_123 /* RecursiveLock.swift in Sources */,
				OBJ_124 /* DispatchQueueWorker.swift in Sources */,
				OBJ_125 /* ExecutionContext.swift in Sources */,
				OBJ_126 /* OperationQueueWorker.swift in Sources */,
				OBJ_127 /* Worker.swift in Sources */,
			);
			runOnlyForDeploymentPostprocessing = 0;
		};
		OBJ_133 /* Sources */ = {
			isa = PBXSourcesBuildPhase;
			buildActionMask = 0;
			files = (
				OBJ_134 /* Package.swift in Sources */,
			);
			runOnlyForDeploymentPostprocessing = 0;
		};
		OBJ_72 /* Sources */ = {
			isa = PBXSourcesBuildPhase;
			buildActionMask = 0;
			files = (
				OBJ_73 /* NotificationCenter+Signal.swift in Sources */,
				OBJ_74 /* URLSession+Future.swift in Sources */,
				OBJ_75 /* SignalConsumer.swift in Sources */,
				OBJ_76 /* SignalProducer.swift in Sources */,
				OBJ_77 /* ClosureHolder.swift in Sources */,
				OBJ_78 /* Coconut.swift in Sources */,
				OBJ_79 /* Swizzle.swift in Sources */,
				OBJ_80 /* TableViewDiff.swift in Sources */,
				OBJ_81 /* TableViewDataSource.swift in Sources */,
				OBJ_82 /* UIApplication+Signal.swift in Sources */,
				OBJ_83 /* UIButton+Signal.swift in Sources */,
				OBJ_84 /* UIControl+Signal.swift in Sources */,
				OBJ_85 /* UIDevice+Signal.swift in Sources */,
				OBJ_86 /* UILabel+Signal.swift in Sources */,
				OBJ_87 /* UITextField+Signal.swift in Sources */,
				OBJ_88 /* UITextView+Signal.swift in Sources */,
				OBJ_89 /* UIView+Signal.swift in Sources */,
				OBJ_90 /* UIViewController+Signal.swift in Sources */,
			);
			runOnlyForDeploymentPostprocessing = 0;
		};
		OBJ_99 /* Sources */ = {
			isa = PBXSourcesBuildPhase;
			buildActionMask = 0;
			files = (
				OBJ_100 /* Package.swift in Sources */,
			);
			runOnlyForDeploymentPostprocessing = 0;
		};
/* End PBXSourcesBuildPhase section */

/* Begin PBXTargetDependency section */
		OBJ_93 /* PBXTargetDependency */ = {
			isa = PBXTargetDependency;
			target = "Futura::Futura" /* Futura */;
			targetProxy = 40D70D1021F7AEC100C425AE /* PBXContainerItemProxy */;
		};
/* End PBXTargetDependency section */

/* Begin XCBuildConfiguration section */
		OBJ_102 /* Debug */ = {
			isa = XCBuildConfiguration;
			buildSettings = {
				ENABLE_TESTABILITY = YES;
				FRAMEWORK_SEARCH_PATHS = (
					"$(inherited)",
					"$(PLATFORM_DIR)/Developer/Library/Frameworks",
				);
				HEADER_SEARCH_PATHS = "$(inherited)";
				INFOPLIST_FILE = Coconut.xcodeproj/Futura_Info.plist;
				LD_RUNPATH_SEARCH_PATHS = "$(inherited) $(TOOLCHAIN_DIR)/usr/lib/swift/macosx";
				OTHER_CFLAGS = "$(inherited)";
				OTHER_LDFLAGS = "$(inherited)";
				OTHER_SWIFT_FLAGS = "$(inherited)";
				PRODUCT_BUNDLE_IDENTIFIER = Futura;
				PRODUCT_MODULE_NAME = "$(TARGET_NAME:c99extidentifier)";
				PRODUCT_NAME = "$(TARGET_NAME:c99extidentifier)";
				SKIP_INSTALL = YES;
				SWIFT_ACTIVE_COMPILATION_CONDITIONS = "$(inherited)";
				SWIFT_VERSION = 4.2;
				TARGET_NAME = Futura;
			};
			name = Debug;
		};
		OBJ_103 /* Release */ = {
			isa = XCBuildConfiguration;
			buildSettings = {
				ENABLE_TESTABILITY = YES;
				FRAMEWORK_SEARCH_PATHS = (
					"$(inherited)",
					"$(PLATFORM_DIR)/Developer/Library/Frameworks",
				);
				HEADER_SEARCH_PATHS = "$(inherited)";
				INFOPLIST_FILE = Coconut.xcodeproj/Futura_Info.plist;
				LD_RUNPATH_SEARCH_PATHS = "$(inherited) $(TOOLCHAIN_DIR)/usr/lib/swift/macosx";
				OTHER_CFLAGS = "$(inherited)";
				OTHER_LDFLAGS = "$(inherited)";
				OTHER_SWIFT_FLAGS = "$(inherited)";
				PRODUCT_BUNDLE_IDENTIFIER = Futura;
				PRODUCT_MODULE_NAME = "$(TARGET_NAME:c99extidentifier)";
				PRODUCT_NAME = "$(TARGET_NAME:c99extidentifier)";
				SKIP_INSTALL = YES;
				SWIFT_ACTIVE_COMPILATION_CONDITIONS = "$(inherited)";
				SWIFT_VERSION = 4.2;
				TARGET_NAME = Futura;
			};
			name = Release;
		};
		OBJ_131 /* Debug */ = {
			isa = XCBuildConfiguration;
			buildSettings = {
				LD = /usr/bin/true;
				OTHER_SWIFT_FLAGS = "-swift-version 4.2 -I $(TOOLCHAIN_DIR)/usr/lib/swift/pm/4_2 -target x86_64-apple-macosx10.10 -sdk /Applications/Xcode.app/Contents/Developer/Platforms/MacOSX.platform/Developer/SDKs/MacOSX10.14.sdk";
				SWIFT_VERSION = 4.2;
			};
			name = Debug;
		};
		OBJ_132 /* Release */ = {
			isa = XCBuildConfiguration;
			buildSettings = {
				LD = /usr/bin/true;
				OTHER_SWIFT_FLAGS = "-swift-version 4.2 -I $(TOOLCHAIN_DIR)/usr/lib/swift/pm/4_2 -target x86_64-apple-macosx10.10 -sdk /Applications/Xcode.app/Contents/Developer/Platforms/MacOSX.platform/Developer/SDKs/MacOSX10.14.sdk";
				SWIFT_VERSION = 4.2;
			};
			name = Release;
		};
		OBJ_3 /* Debug */ = {
			isa = XCBuildConfiguration;
			buildSettings = {
				CLANG_ENABLE_OBJC_ARC = YES;
				COMBINE_HIDPI_IMAGES = YES;
				COPY_PHASE_STRIP = NO;
				DEBUG_INFORMATION_FORMAT = dwarf;
				DYLIB_INSTALL_NAME_BASE = "@rpath";
				ENABLE_NS_ASSERTIONS = YES;
				GCC_OPTIMIZATION_LEVEL = 0;
				GCC_PREPROCESSOR_DEFINITIONS = (
					"DEBUG=1",
					"$(inherited)",
				);
				MACOSX_DEPLOYMENT_TARGET = 10.10;
				ONLY_ACTIVE_ARCH = YES;
				OTHER_SWIFT_FLAGS = "-DXcode";
				PRODUCT_NAME = "$(TARGET_NAME)";
				SDKROOT = iphoneos;
				SUPPORTED_PLATFORMS = "macosx iphoneos iphonesimulator appletvos appletvsimulator watchos watchsimulator";
				SWIFT_ACTIVE_COMPILATION_CONDITIONS = "SWIFT_PACKAGE DEBUG";
				SWIFT_OPTIMIZATION_LEVEL = "-Onone";
				USE_HEADERMAP = NO;
			};
			name = Debug;
		};
		OBJ_4 /* Release */ = {
			isa = XCBuildConfiguration;
			buildSettings = {
				CLANG_ENABLE_OBJC_ARC = YES;
				COMBINE_HIDPI_IMAGES = YES;
				COPY_PHASE_STRIP = YES;
				DEBUG_INFORMATION_FORMAT = "dwarf-with-dsym";
				DYLIB_INSTALL_NAME_BASE = "@rpath";
				GCC_OPTIMIZATION_LEVEL = s;
				MACOSX_DEPLOYMENT_TARGET = 10.10;
				OTHER_SWIFT_FLAGS = "-DXcode";
				PRODUCT_NAME = "$(TARGET_NAME)";
				SDKROOT = iphoneos;
				SUPPORTED_PLATFORMS = "macosx iphoneos iphonesimulator appletvos appletvsimulator watchos watchsimulator";
				SWIFT_ACTIVE_COMPILATION_CONDITIONS = SWIFT_PACKAGE;
				SWIFT_OPTIMIZATION_LEVEL = "-Owholemodule";
				USE_HEADERMAP = NO;
			};
			name = Release;
		};
		OBJ_70 /* Debug */ = {
			isa = XCBuildConfiguration;
			buildSettings = {
				ENABLE_TESTABILITY = YES;
				FRAMEWORK_SEARCH_PATHS = (
					"$(inherited)",
					"$(PLATFORM_DIR)/Developer/Library/Frameworks",
				);
				HEADER_SEARCH_PATHS = "$(inherited)";
				INFOPLIST_FILE = Coconut.xcodeproj/Coconut_Info.plist;
				LD_RUNPATH_SEARCH_PATHS = "$(inherited) $(TOOLCHAIN_DIR)/usr/lib/swift/macosx";
				OTHER_CFLAGS = "$(inherited)";
				OTHER_LDFLAGS = "$(inherited)";
				OTHER_SWIFT_FLAGS = "$(inherited)";
				PRODUCT_BUNDLE_IDENTIFIER = Coconut;
				PRODUCT_MODULE_NAME = "$(TARGET_NAME:c99extidentifier)";
				PRODUCT_NAME = "$(TARGET_NAME:c99extidentifier)";
				SKIP_INSTALL = YES;
				SWIFT_ACTIVE_COMPILATION_CONDITIONS = "$(inherited)";
				SWIFT_VERSION = 4.2;
				TARGET_NAME = Coconut;
			};
			name = Debug;
		};
		OBJ_71 /* Release */ = {
			isa = XCBuildConfiguration;
			buildSettings = {
				ENABLE_TESTABILITY = YES;
				FRAMEWORK_SEARCH_PATHS = (
					"$(inherited)",
					"$(PLATFORM_DIR)/Developer/Library/Frameworks",
				);
				HEADER_SEARCH_PATHS = "$(inherited)";
				INFOPLIST_FILE = Coconut.xcodeproj/Coconut_Info.plist;
				LD_RUNPATH_SEARCH_PATHS = "$(inherited) $(TOOLCHAIN_DIR)/usr/lib/swift/macosx";
				OTHER_CFLAGS = "$(inherited)";
				OTHER_LDFLAGS = "$(inherited)";
				OTHER_SWIFT_FLAGS = "$(inherited)";
				PRODUCT_BUNDLE_IDENTIFIER = Coconut;
				PRODUCT_MODULE_NAME = "$(TARGET_NAME:c99extidentifier)";
				PRODUCT_NAME = "$(TARGET_NAME:c99extidentifier)";
				SKIP_INSTALL = YES;
				SWIFT_ACTIVE_COMPILATION_CONDITIONS = "$(inherited)";
				SWIFT_VERSION = 4.2;
				TARGET_NAME = Coconut;
			};
			name = Release;
		};
		OBJ_97 /* Debug */ = {
			isa = XCBuildConfiguration;
			buildSettings = {
				LD = /usr/bin/true;
				OTHER_SWIFT_FLAGS = "-swift-version 4.2 -I $(TOOLCHAIN_DIR)/usr/lib/swift/pm/4_2 -target x86_64-apple-macosx10.10 -sdk /Applications/Xcode.app/Contents/Developer/Platforms/MacOSX.platform/Developer/SDKs/MacOSX10.14.sdk";
				SWIFT_VERSION = 4.2;
			};
			name = Debug;
		};
		OBJ_98 /* Release */ = {
			isa = XCBuildConfiguration;
			buildSettings = {
				LD = /usr/bin/true;
				OTHER_SWIFT_FLAGS = "-swift-version 4.2 -I $(TOOLCHAIN_DIR)/usr/lib/swift/pm/4_2 -target x86_64-apple-macosx10.10 -sdk /Applications/Xcode.app/Contents/Developer/Platforms/MacOSX.platform/Developer/SDKs/MacOSX10.14.sdk";
				SWIFT_VERSION = 4.2;
			};
			name = Release;
		};
/* End XCBuildConfiguration section */

/* Begin XCConfigurationList section */
		OBJ_101 /* Build configuration list for PBXNativeTarget "Futura" */ = {
			isa = XCConfigurationList;
			buildConfigurations = (
				OBJ_102 /* Debug */,
				OBJ_103 /* Release */,
			);
			defaultConfigurationIsVisible = 0;
			defaultConfigurationName = Release;
		};
		OBJ_130 /* Build configuration list for PBXNativeTarget "FuturaPackageDescription" */ = {
			isa = XCConfigurationList;
			buildConfigurations = (
				OBJ_131 /* Debug */,
				OBJ_132 /* Release */,
			);
			defaultConfigurationIsVisible = 0;
			defaultConfigurationName = Release;
		};
		OBJ_2 /* Build configuration list for PBXProject "Coconut" */ = {
			isa = XCConfigurationList;
			buildConfigurations = (
				OBJ_3 /* Debug */,
				OBJ_4 /* Release */,
			);
			defaultConfigurationIsVisible = 0;
			defaultConfigurationName = Release;
		};
		OBJ_69 /* Build configuration list for PBXNativeTarget "Coconut" */ = {
			isa = XCConfigurationList;
			buildConfigurations = (
				OBJ_70 /* Debug */,
				OBJ_71 /* Release */,
			);
			defaultConfigurationIsVisible = 0;
			defaultConfigurationName = Release;
		};
		OBJ_96 /* Build configuration list for PBXNativeTarget "CoconutPackageDescription" */ = {
			isa = XCConfigurationList;
			buildConfigurations = (
				OBJ_97 /* Debug */,
				OBJ_98 /* Release */,
			);
			defaultConfigurationIsVisible = 0;
			defaultConfigurationName = Release;
		};
/* End XCConfigurationList section */
	};
	rootObject = OBJ_1 /* Project object */;
}
